
Microsoft Visual Studio Solution File, Format Version 12.00
# Visual Studio Version 17
VisualStudioVersion = 17.0.31903.59
MinimumVisualStudioVersion = 10.0.40219.1
Project("{2150E333-8FDC-42A3-9474-1A3956D46DE8}") = "src", "src", "{72408D09-585B-4DAE-8875-3ECFCD2D521E}"
EndProject
Project("{2150E333-8FDC-42A3-9474-1A3956D46DE8}") = "Services", "Services", "{4C5AE201-2A64-4004-9716-550C681E223B}"
EndProject
Project("{2150E333-8FDC-42A3-9474-1A3956D46DE8}") = "Catalog", "Catalog", "{AEE1503A-A85C-4ED1-B690-1B43E26856A2}"
EndProject
Project("{FAE04EC0-301F-11D3-BF4B-00C04F79EFBC}") = "Catalog.API", "src\Services\Catalog\Catalog.API\Catalog.API.csproj", "{B7B1C8DF-AAB2-4627-AD28-664E2AA29897}"
EndProject
Project("{FAE04EC0-301F-11D3-BF4B-00C04F79EFBC}") = "Catalog.FunctionalTests", "src\Services\Catalog\Catalog.FunctionalTests\Catalog.FunctionalTests.csproj", "{CD1E9651-0D72-4E2A-B2D0-1B533D80E499}"
EndProject
Project("{FAE04EC0-301F-11D3-BF4B-00C04F79EFBC}") = "Catalog.UnitTests", "src\Services\Catalog\Catalog.UnitTests\Catalog.UnitTests.csproj", "{51016E6A-91C0-437D-B9FD-D7D209F85D4C}"
EndProject
Project("{2150E333-8FDC-42A3-9474-1A3956D46DE8}") = "Basket", "Basket", "{FC0A8E64-B0D3-45B2-8991-1917AEC59F89}"
EndProject
Project("{FAE04EC0-301F-11D3-BF4B-00C04F79EFBC}") = "Basket.API", "src\Services\Basket\Basket.API\Basket.API.csproj", "{50E7871A-22C0-4064-AE83-C21C33831F44}"
EndProject
Project("{FAE04EC0-301F-11D3-BF4B-00C04F79EFBC}") = "Basket.FunctionalTests", "src\Services\Basket\Basket.FunctionalTests\Basket.FunctionalTests.csproj", "{0A4A8E92-56A4-4CD6-A073-43DE49B278DF}"
EndProject
Project("{FAE04EC0-301F-11D3-BF4B-00C04F79EFBC}") = "Basket.UnitTests", "src\Services\Basket\Basket.UnitTests\Basket.UnitTests.csproj", "{3C6EA353-181F-41A5-B2EF-3EA328452F4F}"
EndProject
Global
	GlobalSection(SolutionConfigurationPlatforms) = preSolution
		Debug|Any CPU = Debug|Any CPU
		Release|Any CPU = Release|Any CPU
	EndGlobalSection
	GlobalSection(SolutionProperties) = preSolution
		HideSolutionNode = FALSE
	EndGlobalSection
	GlobalSection(ProjectConfigurationPlatforms) = postSolution
		{B7B1C8DF-AAB2-4627-AD28-664E2AA29897}.Debug|Any CPU.ActiveCfg = Debug|Any CPU
		{B7B1C8DF-AAB2-4627-AD28-664E2AA29897}.Debug|Any CPU.Build.0 = Debug|Any CPU
		{B7B1C8DF-AAB2-4627-AD28-664E2AA29897}.Release|Any CPU.ActiveCfg = Release|Any CPU
		{B7B1C8DF-AAB2-4627-AD28-664E2AA29897}.Release|Any CPU.Build.0 = Release|Any CPU
		{CD1E9651-0D72-4E2A-B2D0-1B533D80E499}.Debug|Any CPU.ActiveCfg = Debug|Any CPU
		{CD1E9651-0D72-4E2A-B2D0-1B533D80E499}.Debug|Any CPU.Build.0 = Debug|Any CPU
		{CD1E9651-0D72-4E2A-B2D0-1B533D80E499}.Release|Any CPU.ActiveCfg = Release|Any CPU
		{CD1E9651-0D72-4E2A-B2D0-1B533D80E499}.Release|Any CPU.Build.0 = Release|Any CPU
		{51016E6A-91C0-437D-B9FD-D7D209F85D4C}.Debug|Any CPU.ActiveCfg = Debug|Any CPU
		{51016E6A-91C0-437D-B9FD-D7D209F85D4C}.Debug|Any CPU.Build.0 = Debug|Any CPU
		{51016E6A-91C0-437D-B9FD-D7D209F85D4C}.Release|Any CPU.ActiveCfg = Release|Any CPU
		{51016E6A-91C0-437D-B9FD-D7D209F85D4C}.Release|Any CPU.Build.0 = Release|Any CPU
		{50E7871A-22C0-4064-AE83-C21C33831F44}.Debug|Any CPU.ActiveCfg = Debug|Any CPU
		{50E7871A-22C0-4064-AE83-C21C33831F44}.Debug|Any CPU.Build.0 = Debug|Any CPU
		{50E7871A-22C0-4064-AE83-C21C33831F44}.Release|Any CPU.ActiveCfg = Release|Any CPU
		{50E7871A-22C0-4064-AE83-C21C33831F44}.Release|Any CPU.Build.0 = Release|Any CPU
		{0A4A8E92-56A4-4CD6-A073-43DE49B278DF}.Debug|Any CPU.ActiveCfg = Debug|Any CPU
		{0A4A8E92-56A4-4CD6-A073-43DE49B278DF}.Debug|Any CPU.Build.0 = Debug|Any CPU
		{0A4A8E92-56A4-4CD6-A073-43DE49B278DF}.Release|Any CPU.ActiveCfg = Release|Any CPU
		{0A4A8E92-56A4-4CD6-A073-43DE49B278DF}.Release|Any CPU.Build.0 = Release|Any CPU
		{3C6EA353-181F-41A5-B2EF-3EA328452F4F}.Debug|Any CPU.ActiveCfg = Debug|Any CPU
		{3C6EA353-181F-41A5-B2EF-3EA328452F4F}.Debug|Any CPU.Build.0 = Debug|Any CPU
		{3C6EA353-181F-41A5-B2EF-3EA328452F4F}.Release|Any CPU.ActiveCfg = Release|Any CPU
		{3C6EA353-181F-41A5-B2EF-3EA328452F4F}.Release|Any CPU.Build.0 = Release|Any CPU
	EndGlobalSection
	GlobalSection(NestedProjects) = preSolution
		{4C5AE201-2A64-4004-9716-550C681E223B} = {72408D09-585B-4DAE-8875-3ECFCD2D521E}
		{AEE1503A-A85C-4ED1-B690-1B43E26856A2} = {4C5AE201-2A64-4004-9716-550C681E223B}
		{B7B1C8DF-AAB2-4627-AD28-664E2AA29897} = {AEE1503A-A85C-4ED1-B690-1B43E26856A2}
		{CD1E9651-0D72-4E2A-B2D0-1B533D80E499} = {AEE1503A-A85C-4ED1-B690-1B43E26856A2}
		{51016E6A-91C0-437D-B9FD-D7D209F85D4C} = {AEE1503A-A85C-4ED1-B690-1B43E26856A2}
		{FC0A8E64-B0D3-45B2-8991-1917AEC59F89} = {4C5AE201-2A64-4004-9716-550C681E223B}
		{50E7871A-22C0-4064-AE83-C21C33831F44} = {FC0A8E64-B0D3-45B2-8991-1917AEC59F89}
		{0A4A8E92-56A4-4CD6-A073-43DE49B278DF} = {FC0A8E64-B0D3-45B2-8991-1917AEC59F89}
		{3C6EA353-181F-41A5-B2EF-3EA328452F4F} = {FC0A8E64-B0D3-45B2-8991-1917AEC59F89}
	EndGlobalSection
EndGlobal
